
Microsoft Visual Studio Solution File, Format Version 12.00
# Visual Studio Version 16
VisualStudioVersion = 16.0.30002.166
MinimumVisualStudioVersion = 10.0.40219.1
Project("{FAE04EC0-301F-11D3-BF4B-00C04F79EFBC}") = "AplicacionClienteConsumoWebapi", "AplicacionClienteConsumoWebapi\AplicacionClienteConsumoWebapi.csproj", "{CEDA2776-C8CE-41B3-A8FF-2E5D6862821C}"
EndProject
Global
	GlobalSection(SolutionConfigurationPlatforms) = preSolution
		Debug|Any CPU = Debug|Any CPU
		Release|Any CPU = Release|Any CPU
	EndGlobalSection
	GlobalSection(ProjectConfigurationPlatforms) = postSolution
		{CEDA2776-C8CE-41B3-A8FF-2E5D6862821C}.Debug|Any CPU.ActiveCfg = Debug|Any CPU
		{CEDA2776-C8CE-41B3-A8FF-2E5D6862821C}.Debug|Any CPU.Build.0 = Debug|Any CPU
		{CEDA2776-C8CE-41B3-A8FF-2E5D6862821C}.Release|Any CPU.ActiveCfg = Release|Any CPU
		{CEDA2776-C8CE-41B3-A8FF-2E5D6862821C}.Release|Any CPU.Build.0 = Release|Any CPU
	EndGlobalSection
	GlobalSection(SolutionProperties) = preSolution
		HideSolutionNode = FALSE
	EndGlobalSection
	GlobalSection(ExtensibilityGlobals) = postSolution
		SolutionGuid = {C1A065A2-6C96-4AEC-953B-485AD35CECC4}
	EndGlobalSection
EndGlobal
